
Microsoft Visual Studio Solution File, Format Version 12.00
# Visual Studio Version 16
VisualStudioVersion = 16.0.31911.196
MinimumVisualStudioVersion = 10.0.40219.1
Project("{9A19103F-16F7-4668-BE54-9A1E7A4F7556}") = "KalaShree.models", "KalaShree.models\KalaShree.models.csproj", "{3E8A1AC6-9641-44FE-95EE-37105BD9D185}"
EndProject
Project("{9A19103F-16F7-4668-BE54-9A1E7A4F7556}") = "KalaShree.Controllers", "KalaShree.Controllers\KalaShree.Controllers.csproj", "{CEBD8EB6-476A-4C98-9707-08C826280DDA}"
EndProject
Project("{9A19103F-16F7-4668-BE54-9A1E7A4F7556}") = "KalaShree.View", "KalaShree.View\KalaShree.View.csproj", "{D2BA7BF8-DE74-4B3A-96C0-AB979643D7AE}"
EndProject
Project("{9A19103F-16F7-4668-BE54-9A1E7A4F7556}") = "KalaShree.Common", "KalaShree.Common\KalaShree.Common.csproj", "{809A4A78-EBB4-4DB1-B47D-2AEEE37DDF8D}"
EndProject
Global
	GlobalSection(SolutionConfigurationPlatforms) = preSolution
		Debug|Any CPU = Debug|Any CPU
		Release|Any CPU = Release|Any CPU
	EndGlobalSection
	GlobalSection(ProjectConfigurationPlatforms) = postSolution
		{3E8A1AC6-9641-44FE-95EE-37105BD9D185}.Debug|Any CPU.ActiveCfg = Debug|Any CPU
		{3E8A1AC6-9641-44FE-95EE-37105BD9D185}.Debug|Any CPU.Build.0 = Debug|Any CPU
		{3E8A1AC6-9641-44FE-95EE-37105BD9D185}.Release|Any CPU.ActiveCfg = Release|Any CPU
		{3E8A1AC6-9641-44FE-95EE-37105BD9D185}.Release|Any CPU.Build.0 = Release|Any CPU
		{CEBD8EB6-476A-4C98-9707-08C826280DDA}.Debug|Any CPU.ActiveCfg = Debug|Any CPU
		{CEBD8EB6-476A-4C98-9707-08C826280DDA}.Debug|Any CPU.Build.0 = Debug|Any CPU
		{CEBD8EB6-476A-4C98-9707-08C826280DDA}.Release|Any CPU.ActiveCfg = Release|Any CPU
		{CEBD8EB6-476A-4C98-9707-08C826280DDA}.Release|Any CPU.Build.0 = Release|Any CPU
		{D2BA7BF8-DE74-4B3A-96C0-AB979643D7AE}.Debug|Any CPU.ActiveCfg = Debug|Any CPU
		{D2BA7BF8-DE74-4B3A-96C0-AB979643D7AE}.Debug|Any CPU.Build.0 = Debug|Any CPU
		{D2BA7BF8-DE74-4B3A-96C0-AB979643D7AE}.Release|Any CPU.ActiveCfg = Release|Any CPU
		{D2BA7BF8-DE74-4B3A-96C0-AB979643D7AE}.Release|Any CPU.Build.0 = Release|Any CPU
		{809A4A78-EBB4-4DB1-B47D-2AEEE37DDF8D}.Debug|Any CPU.ActiveCfg = Debug|Any CPU
		{809A4A78-EBB4-4DB1-B47D-2AEEE37DDF8D}.Debug|Any CPU.Build.0 = Debug|Any CPU
		{809A4A78-EBB4-4DB1-B47D-2AEEE37DDF8D}.Release|Any CPU.ActiveCfg = Release|Any CPU
		{809A4A78-EBB4-4DB1-B47D-2AEEE37DDF8D}.Release|Any CPU.Build.0 = Release|Any CPU
	EndGlobalSection
	GlobalSection(SolutionProperties) = preSolution
		HideSolutionNode = FALSE
	EndGlobalSection
	GlobalSection(ExtensibilityGlobals) = postSolution
		SolutionGuid = {FE86E9C3-34F0-4445-A943-32FB0434451D}
	EndGlobalSection
EndGlobal
